// !$*UTF8*$!
{
	archiveVersion = 1;
	classes = {
	};
	objectVersion = 50;
	objects = {

/* Begin PBXBuildFile section */
		FF729CC825A9C88E00CADE9A /* CourseTableViewCell.swift in Sources */ = {isa = PBXBuildFile; fileRef = FF729CC725A9C88E00CADE9A /* CourseTableViewCell.swift */; };
		FF760FB1258CAE4300BA12CB /* DataManager.swift in Sources */ = {isa = PBXBuildFile; fileRef = FF760FB0258CAE4300BA12CB /* DataManager.swift */; };
		FF760FB5258CFC7A00BA12CB /* NetworkManager.swift in Sources */ = {isa = PBXBuildFile; fileRef = FF760FB4258CFC7A00BA12CB /* NetworkManager.swift */; };
		FFB94D222589DF6800C836A2 /* AppDelegate.swift in Sources */ = {isa = PBXBuildFile; fileRef = FFB94D212589DF6800C836A2 /* AppDelegate.swift */; };
		FFB94D242589DF6800C836A2 /* SceneDelegate.swift in Sources */ = {isa = PBXBuildFile; fileRef = FFB94D232589DF6800C836A2 /* SceneDelegate.swift */; };
		FFB94D262589DF6800C836A2 /* CourseListViewController.swift in Sources */ = {isa = PBXBuildFile; fileRef = FFB94D252589DF6800C836A2 /* CourseListViewController.swift */; };
		FFB94D292589DF6800C836A2 /* Main.storyboard in Resources */ = {isa = PBXBuildFile; fileRef = FFB94D272589DF6800C836A2 /* Main.storyboard */; };
		FFB94D2B2589DF6800C836A2 /* Assets.xcassets in Resources */ = {isa = PBXBuildFile; fileRef = FFB94D2A2589DF6800C836A2 /* Assets.xcassets */; };
		FFB94D2E2589DF6800C836A2 /* LaunchScreen.storyboard in Resources */ = {isa = PBXBuildFile; fileRef = FFB94D2C2589DF6800C836A2 /* LaunchScreen.storyboard */; };
		FFB94D452589F85A00C836A2 /* CourseDetailsViewController.swift in Sources */ = {isa = PBXBuildFile; fileRef = FFB94D442589F85A00C836A2 /* CourseDetailsViewController.swift */; };
		FFB94D482589F88A00C836A2 /* Course.swift in Sources */ = {isa = PBXBuildFile; fileRef = FFB94D472589F88A00C836A2 /* Course.swift */; };
/* End PBXBuildFile section */

/* Begin PBXFileReference section */
		FF729CC725A9C88E00CADE9A /* CourseTableViewCell.swift */ = {isa = PBXFileReference; lastKnownFileType = sourcecode.swift; path = CourseTableViewCell.swift; sourceTree = "<group>"; };
		FF760FB0258CAE4300BA12CB /* DataManager.swift */ = {isa = PBXFileReference; lastKnownFileType = sourcecode.swift; path = DataManager.swift; sourceTree = "<group>"; };
		FF760FB4258CFC7A00BA12CB /* NetworkManager.swift */ = {isa = PBXFileReference; lastKnownFileType = sourcecode.swift; path = NetworkManager.swift; sourceTree = "<group>"; };
		FFB94D1E2589DF6800C836A2 /* SwiftBookAppPatterns.app */ = {isa = PBXFileReference; explicitFileType = wrapper.application; includeInIndex = 0; path = SwiftBookAppPatterns.app; sourceTree = BUILT_PRODUCTS_DIR; };
		FFB94D212589DF6800C836A2 /* AppDelegate.swift */ = {isa = PBXFileReference; lastKnownFileType = sourcecode.swift; path = AppDelegate.swift; sourceTree = "<group>"; };
		FFB94D232589DF6800C836A2 /* SceneDelegate.swift */ = {isa = PBXFileReference; lastKnownFileType = sourcecode.swift; path = SceneDelegate.swift; sourceTree = "<group>"; };
		FFB94D252589DF6800C836A2 /* CourseListViewController.swift */ = {isa = PBXFileReference; lastKnownFileType = sourcecode.swift; path = CourseListViewController.swift; sourceTree = "<group>"; };
		FFB94D282589DF6800C836A2 /* Base */ = {isa = PBXFileReference; lastKnownFileType = file.storyboard; name = Base; path = Base.lproj/Main.storyboard; sourceTree = "<group>"; };
		FFB94D2A2589DF6800C836A2 /* Assets.xcassets */ = {isa = PBXFileReference; lastKnownFileType = folder.assetcatalog; path = Assets.xcassets; sourceTree = "<group>"; };
		FFB94D2D2589DF6800C836A2 /* Base */ = {isa = PBXFileReference; lastKnownFileType = file.storyboard; name = Base; path = Base.lproj/LaunchScreen.storyboard; sourceTree = "<group>"; };
		FFB94D2F2589DF6800C836A2 /* Info.plist */ = {isa = PBXFileReference; lastKnownFileType = text.plist.xml; path = Info.plist; sourceTree = "<group>"; };
		FFB94D442589F85A00C836A2 /* CourseDetailsViewController.swift */ = {isa = PBXFileReference; lastKnownFileType = sourcecode.swift; path = CourseDetailsViewController.swift; sourceTree = "<group>"; };
		FFB94D472589F88A00C836A2 /* Course.swift */ = {isa = PBXFileReference; lastKnownFileType = sourcecode.swift; path = Course.swift; sourceTree = "<group>"; };
/* End PBXFileReference section */

/* Begin PBXFrameworksBuildPhase section */
		FFB94D1B2589DF6800C836A2 /* Frameworks */ = {
			isa = PBXFrameworksBuildPhase;
			buildActionMask = 2147483647;
			files = (
			);
			runOnlyForDeploymentPostprocessing = 0;
		};
/* End PBXFrameworksBuildPhase section */

/* Begin PBXGroup section */
		FF729CC625A9C85B00CADE9A /* Views */ = {
			isa = PBXGroup;
			children = (
				FF729CC725A9C88E00CADE9A /* CourseTableViewCell.swift */,
			);
			path = Views;
			sourceTree = "<group>";
		};
		FF760FAF258CAE2B00BA12CB /* Services */ = {
			isa = PBXGroup;
			children = (
				FF760FB0258CAE4300BA12CB /* DataManager.swift */,
				FF760FB4258CFC7A00BA12CB /* NetworkManager.swift */,
			);
			path = Services;
			sourceTree = "<group>";
		};
		FFB94D152589DF6800C836A2 = {
			isa = PBXGroup;
			children = (
				FFB94D202589DF6800C836A2 /* SwiftBookAppPatterns */,
				FFB94D1F2589DF6800C836A2 /* Products */,
			);
			sourceTree = "<group>";
		};
		FFB94D1F2589DF6800C836A2 /* Products */ = {
			isa = PBXGroup;
			children = (
				FFB94D1E2589DF6800C836A2 /* SwiftBookAppPatterns.app */,
			);
			name = Products;
			sourceTree = "<group>";
		};
		FFB94D202589DF6800C836A2 /* SwiftBookAppPatterns */ = {
			isa = PBXGroup;
			children = (
				FFB94D362589E07D00C836A2 /* Models */,
				FFB94D382589E0AD00C836A2 /* ViewControllers */,
				FFB94D372589E09C00C836A2 /* Storyboards */,
				FF729CC625A9C85B00CADE9A /* Views */,
				FF760FAF258CAE2B00BA12CB /* Services */,
				FFB94D3B2589E0D900C836A2 /* SupportingFiles */,
				FFB94D3A2589E0C700C836A2 /* Sources */,
			);
			path = SwiftBookAppPatterns;
			sourceTree = "<group>";
		};
		FFB94D362589E07D00C836A2 /* Models */ = {
			isa = PBXGroup;
			children = (
				FFB94D472589F88A00C836A2 /* Course.swift */,
			);
			path = Models;
			sourceTree = "<group>";
		};
		FFB94D372589E09C00C836A2 /* Storyboards */ = {
			isa = PBXGroup;
			children = (
				FFB94D2C2589DF6800C836A2 /* LaunchScreen.storyboard */,
				FFB94D272589DF6800C836A2 /* Main.storyboard */,
			);
			path = Storyboards;
			sourceTree = "<group>";
		};
		FFB94D382589E0AD00C836A2 /* ViewControllers */ = {
			isa = PBXGroup;
			children = (
				FFB94D252589DF6800C836A2 /* CourseListViewController.swift */,
				FFB94D442589F85A00C836A2 /* CourseDetailsViewController.swift */,
			);
			path = ViewControllers;
			sourceTree = "<group>";
		};
		FFB94D3A2589E0C700C836A2 /* Sources */ = {
			isa = PBXGroup;
			children = (
				FFB94D2A2589DF6800C836A2 /* Assets.xcassets */,
			);
			path = Sources;
			sourceTree = "<group>";
		};
		FFB94D3B2589E0D900C836A2 /* SupportingFiles */ = {
			isa = PBXGroup;
			children = (
				FFB94D212589DF6800C836A2 /* AppDelegate.swift */,
				FFB94D232589DF6800C836A2 /* SceneDelegate.swift */,
				FFB94D2F2589DF6800C836A2 /* Info.plist */,
			);
			path = SupportingFiles;
			sourceTree = "<group>";
		};
/* End PBXGroup section */

/* Begin PBXNativeTarget section */
		FFB94D1D2589DF6800C836A2 /* SwiftBookAppPatterns */ = {
			isa = PBXNativeTarget;
			buildConfigurationList = FFB94D322589DF6800C836A2 /* Build configuration list for PBXNativeTarget "SwiftBookAppPatterns" */;
			buildPhases = (
				FFB94D1A2589DF6800C836A2 /* Sources */,
				FFB94D1B2589DF6800C836A2 /* Frameworks */,
				FFB94D1C2589DF6800C836A2 /* Resources */,
			);
			buildRules = (
			);
			dependencies = (
			);
			name = SwiftBookAppPatterns;
			productName = SwiftBookAppPatterns;
			productReference = FFB94D1E2589DF6800C836A2 /* SwiftBookAppPatterns.app */;
			productType = "com.apple.product-type.application";
		};
/* End PBXNativeTarget section */

/* Begin PBXProject section */
		FFB94D162589DF6800C836A2 /* Project object */ = {
			isa = PBXProject;
			attributes = {
				LastSwiftUpdateCheck = 1230;
				LastUpgradeCheck = 1230;
				TargetAttributes = {
					FFB94D1D2589DF6800C836A2 = {
						CreatedOnToolsVersion = 12.3;
					};
				};
			};
			buildConfigurationList = FFB94D192589DF6800C836A2 /* Build configuration list for PBXProject "SwiftBookAppPatterns" */;
			compatibilityVersion = "Xcode 9.3";
			developmentRegion = en;
			hasScannedForEncodings = 0;
			knownRegions = (
				en,
				Base,
			);
			mainGroup = FFB94D152589DF6800C836A2;
			productRefGroup = FFB94D1F2589DF6800C836A2 /* Products */;
			projectDirPath = "";
			projectRoot = "";
			targets = (
				FFB94D1D2589DF6800C836A2 /* SwiftBookAppPatterns */,
			);
		};
/* End PBXProject section */

/* Begin PBXResourcesBuildPhase section */
		FFB94D1C2589DF6800C836A2 /* Resources */ = {
			isa = PBXResourcesBuildPhase;
			buildActionMask = 2147483647;
			files = (
				FFB94D2E2589DF6800C836A2 /* LaunchScreen.storyboard in Resources */,
				FFB94D2B2589DF6800C836A2 /* Assets.xcassets in Resources */,
				FFB94D292589DF6800C836A2 /* Main.storyboard in Resources */,
			);
			runOnlyForDeploymentPostprocessing = 0;
		};
/* End PBXResourcesBuildPhase section */

/* Begin PBXSourcesBuildPhase section */
		FFB94D1A2589DF6800C836A2 /* Sources */ = {
			isa = PBXSourcesBuildPhase;
			buildActionMask = 2147483647;
			files = (
				FF729CC825A9C88E00CADE9A /* CourseTableViewCell.swift in Sources */,
				FFB94D262589DF6800C836A2 /* CourseListViewController.swift in Sources */,
				FF760FB1258CAE4300BA12CB /* DataManager.swift in Sources */,
				FFB94D222589DF6800C836A2 /* AppDelegate.swift in Sources */,
				FF760FB5258CFC7A00BA12CB /* NetworkManager.swift in Sources */,
				FFB94D482589F88A00C836A2 /* Course.swift in Sources */,
				FFB94D452589F85A00C836A2 /* CourseDetailsViewController.swift in Sources */,
				FFB94D242589DF6800C836A2 /* SceneDelegate.swift in Sources */,
			);
			runOnlyForDeploymentPostprocessing = 0;
		};
/* End PBXSourcesBuildPhase section */

/* Begin PBXVariantGroup section */
		FFB94D272589DF6800C836A2 /* Main.storyboard */ = {
			isa = PBXVariantGroup;
			children = (
				FFB94D282589DF6800C836A2 /* Base */,
			);
			name = Main.storyboard;
			sourceTree = "<group>";
		};
		FFB94D2C2589DF6800C836A2 /* LaunchScreen.storyboard */ = {
			isa = PBXVariantGroup;
			children = (
				FFB94D2D2589DF6800C836A2 /* Base */,
			);
			name = LaunchScreen.storyboard;
			sourceTree = "<group>";
		};
/* End PBXVariantGroup section */

/* Begin XCBuildConfiguration section */
		FFB94D302589DF6800C836A2 /* Debug */ = {
			isa = XCBuildConfiguration;
			buildSettings = {
				ALWAYS_SEARCH_USER_PATHS = NO;
				CLANG_ANALYZER_NONNULL = YES;
				CLANG_ANALYZER_NUMBER_OBJECT_CONVERSION = YES_AGGRESSIVE;
				CLANG_CXX_LANGUAGE_STANDARD = "gnu++14";
				CLANG_CXX_LIBRARY = "libc++";
				CLANG_ENABLE_MODULES = YES;
				CLANG_ENABLE_OBJC_ARC = YES;
				CLANG_ENABLE_OBJC_WEAK = YES;
				CLANG_WARN_BLOCK_CAPTURE_AUTORELEASING = YES;
				CLANG_WARN_BOOL_CONVERSION = YES;
				CLANG_WARN_COMMA = YES;
				CLANG_WARN_CONSTANT_CONVERSION = YES;
				CLANG_WARN_DEPRECATED_OBJC_IMPLEMENTATIONS = YES;
				CLANG_WARN_DIRECT_OBJC_ISA_USAGE = YES_ERROR;
				CLANG_WARN_DOCUMENTATION_COMMENTS = YES;
				CLANG_WARN_EMPTY_BODY = YES;
				CLANG_WARN_ENUM_CONVERSION = YES;
				CLANG_WARN_INFINITE_RECURSION = YES;
				CLANG_WARN_INT_CONVERSION = YES;
				CLANG_WARN_NON_LITERAL_NULL_CONVERSION = YES;
				CLANG_WARN_OBJC_IMPLICIT_RETAIN_SELF = YES;
				CLANG_WARN_OBJC_LITERAL_CONVERSION = YES;
				CLANG_WARN_OBJC_ROOT_CLASS = YES_ERROR;
				CLANG_WARN_QUOTED_INCLUDE_IN_FRAMEWORK_HEADER = YES;
				CLANG_WARN_RANGE_LOOP_ANALYSIS = YES;
				CLANG_WARN_STRICT_PROTOTYPES = YES;
				CLANG_WARN_SUSPICIOUS_MOVE = YES;
				CLANG_WARN_UNGUARDED_AVAILABILITY = YES_AGGRESSIVE;
				CLANG_WARN_UNREACHABLE_CODE = YES;
				CLANG_WARN__DUPLICATE_METHOD_MATCH = YES;
				COPY_PHASE_STRIP = NO;
				DEBUG_INFORMATION_FORMAT = dwarf;
				ENABLE_STRICT_OBJC_MSGSEND = YES;
				ENABLE_TESTABILITY = YES;
				GCC_C_LANGUAGE_STANDARD = gnu11;
				GCC_DYNAMIC_NO_PIC = NO;
				GCC_NO_COMMON_BLOCKS = YES;
				GCC_OPTIMIZATION_LEVEL = 0;
				GCC_PREPROCESSOR_DEFINITIONS = (
					"DEBUG=1",
					"$(inherited)",
				);
				GCC_WARN_64_TO_32_BIT_CONVERSION = YES;
				GCC_WARN_ABOUT_RETURN_TYPE = YES_ERROR;
				GCC_WARN_UNDECLARED_SELECTOR = YES;
				GCC_WARN_UNINITIALIZED_AUTOS = YES_AGGRESSIVE;
				GCC_WARN_UNUSED_FUNCTION = YES;
				GCC_WARN_UNUSED_VARIABLE = YES;
				IPHONEOS_DEPLOYMENT_TARGET = 14.3;
				MTL_ENABLE_DEBUG_INFO = INCLUDE_SOURCE;
				MTL_FAST_MATH = YES;
				ONLY_ACTIVE_ARCH = YES;
				SDKROOT = iphoneos;
				SWIFT_ACTIVE_COMPILATION_CONDITIONS = DEBUG;
				SWIFT_OPTIMIZATION_LEVEL = "-Onone";
			};
			name = Debug;
		};
		FFB94D312589DF6800C836A2 /* Release */ = {
			isa = XCBuildConfiguration;
			buildSettings = {
				ALWAYS_SEARCH_USER_PATHS = NO;
				CLANG_ANALYZER_NONNULL = YES;
				CLANG_ANALYZER_NUMBER_OBJECT_CONVERSION = YES_AGGRESSIVE;
				CLANG_CXX_LANGUAGE_STANDARD = "gnu++14";
				CLANG_CXX_LIBRARY = "libc++";
				CLANG_ENABLE_MODULES = YES;
				CLANG_ENABLE_OBJC_ARC = YES;
				CLANG_ENABLE_OBJC_WEAK = YES;
				CLANG_WARN_BLOCK_CAPTURE_AUTORELEASING = YES;
				CLANG_WARN_BOOL_CONVERSION = YES;
				CLANG_WARN_COMMA = YES;
				CLANG_WARN_CONSTANT_CONVERSION = YES;
				CLANG_WARN_DEPRECATED_OBJC_IMPLEMENTATIONS = YES;
				CLANG_WARN_DIRECT_OBJC_ISA_USAGE = YES_ERROR;
				CLANG_WARN_DOCUMENTATION_COMMENTS = YES;
				CLANG_WARN_EMPTY_BODY = YES;
				CLANG_WARN_ENUM_CONVERSION = YES;
				CLANG_WARN_INFINITE_RECURSION = YES;
				CLANG_WARN_INT_CONVERSION = YES;
				CLANG_WARN_NON_LITERAL_NULL_CONVERSION = YES;
				CLANG_WARN_OBJC_IMPLICIT_RETAIN_SELF = YES;
				CLANG_WARN_OBJC_LITERAL_CONVERSION = YES;
				CLANG_WARN_OBJC_ROOT_CLASS = YES_ERROR;
				CLANG_WARN_QUOTED_INCLUDE_IN_FRAMEWORK_HEADER = YES;
				CLANG_WARN_RANGE_LOOP_ANALYSIS = YES;
				CLANG_WARN_STRICT_PROTOTYPES = YES;
				CLANG_WARN_SUSPICIOUS_MOVE = YES;
				CLANG_WARN_UNGUARDED_AVAILABILITY = YES_AGGRESSIVE;
				CLANG_WARN_UNREACHABLE_CODE = YES;
				CLANG_WARN__DUPLICATE_METHOD_MATCH = YES;
				COPY_PHASE_STRIP = NO;
				DEBUG_INFORMATION_FORMAT = "dwarf-with-dsym";
				ENABLE_NS_ASSERTIONS = NO;
				ENABLE_STRICT_OBJC_MSGSEND = YES;
				GCC_C_LANGUAGE_STANDARD = gnu11;
				GCC_NO_COMMON_BLOCKS = YES;
				GCC_WARN_64_TO_32_BIT_CONVERSION = YES;
				GCC_WARN_ABOUT_RETURN_TYPE = YES_ERROR;
				GCC_WARN_UNDECLARED_SELECTOR = YES;
				GCC_WARN_UNINITIALIZED_AUTOS = YES_AGGRESSIVE;
				GCC_WARN_UNUSED_FUNCTION = YES;
				GCC_WARN_UNUSED_VARIABLE = YES;
				IPHONEOS_DEPLOYMENT_TARGET = 14.3;
				MTL_ENABLE_DEBUG_INFO = NO;
				MTL_FAST_MATH = YES;
				SDKROOT = iphoneos;
				SWIFT_COMPILATION_MODE = wholemodule;
				SWIFT_OPTIMIZATION_LEVEL = "-O";
				VALIDATE_PRODUCT = YES;
			};
			name = Release;
		};
		FFB94D332589DF6800C836A2 /* Debug */ = {
			isa = XCBuildConfiguration;
			buildSettings = {
				ASSETCATALOG_COMPILER_APPICON_NAME = AppIcon;
				ASSETCATALOG_COMPILER_GLOBAL_ACCENT_COLOR_NAME = AccentColor;
				CODE_SIGN_STYLE = Automatic;
				DEVELOPMENT_TEAM = JBMRXJPY8V;
				INFOPLIST_FILE = SwiftBookAppPatterns/SupportingFiles/Info.plist;
				LD_RUNPATH_SEARCH_PATHS = (
					"$(inherited)",
					"@executable_path/Frameworks",
				);
				PRODUCT_BUNDLE_IDENTIFIER = VS.SwiftBookAppPatterns;
				PRODUCT_NAME = "$(TARGET_NAME)";
				SWIFT_VERSION = 5.0;
				TARGETED_DEVICE_FAMILY = "1,2";
			};
			name = Debug;
		};
		FFB94D342589DF6800C836A2 /* Release */ = {
			isa = XCBuildConfiguration;
			buildSettings = {
				ASSETCATALOG_COMPILER_APPICON_NAME = AppIcon;
				ASSETCATALOG_COMPILER_GLOBAL_ACCENT_COLOR_NAME = AccentColor;
				CODE_SIGN_STYLE = Automatic;
				DEVELOPMENT_TEAM = JBMRXJPY8V;
				INFOPLIST_FILE = SwiftBookAppPatterns/SupportingFiles/Info.plist;
				LD_RUNPATH_SEARCH_PATHS = (
					"$(inherited)",
					"@executable_path/Frameworks",
				);
				PRODUCT_BUNDLE_IDENTIFIER = VS.SwiftBookAppPatterns;
				PRODUCT_NAME = "$(TARGET_NAME)";
				SWIFT_VERSION = 5.0;
				TARGETED_DEVICE_FAMILY = "1,2";
			};
			name = Release;
		};
/* End XCBuildConfiguration section */

/* Begin XCConfigurationList section */
		FFB94D192589DF6800C836A2 /* Build configuration list for PBXProject "SwiftBookAppPatterns" */ = {
			isa = XCConfigurationList;
			buildConfigurations = (
				FFB94D302589DF6800C836A2 /* Debug */,
				FFB94D312589DF6800C836A2 /* Release */,
			);
			defaultConfigurationIsVisible = 0;
			defaultConfigurationName = Release;
		};
		FFB94D322589DF6800C836A2 /* Build configuration list for PBXNativeTarget "SwiftBookAppPatterns" */ = {
			isa = XCConfigurationList;
			buildConfigurations = (
				FFB94D332589DF6800C836A2 /* Debug */,
				FFB94D342589DF6800C836A2 /* Release */,
			);
			defaultConfigurationIsVisible = 0;
			defaultConfigurationName = Release;
		};
/* End XCConfigurationList section */
	};
	rootObject = FFB94D162589DF6800C836A2 /* Project object */;
}
